PODS:
  - desktop_window (0.0.1):
    - FlutterMacOS
  - Firebase/Analytics (10.3.0):
    - Firebase/Core
  - Firebase/Core (10.3.0):
    - Firebase/CoreOnly
    - FirebaseAnalytics (~> 10.3.0)
  - Firebase/CoreOnly (10.3.0):
    - FirebaseCore (= 10.3.0)
  - Firebase/Crashlytics (10.3.0):
    - Firebase/CoreOnly
    - FirebaseCrashlytics (~> 10.3.0)
  - firebase_analytics (10.1.1):
    - Firebase/Analytics (= 10.3.0)
    - firebase_core
    - FlutterMacOS
  - firebase_core (2.5.0):
    - Firebase/CoreOnly (~> 10.3.0)
    - FlutterMacOS
  - firebase_crashlytics (3.0.12):
    - Firebase/CoreOnly (~> 10.3.0)
    - Firebase/Crashlytics (~> 10.3.0)
    - firebase_core
    - FlutterMacOS
  - FirebaseAnalytics (10.3.0):
    - FirebaseAnalytics/AdIdSupport (= 10.3.0)
    - FirebaseCore (~> 10.0)
    - FirebaseInstallations (~> 10.0)
    - GoogleUtilities/AppDelegateSwizzler (~> 7.8)
    - GoogleUtilities/MethodSwizzler (~> 7.8)
    - GoogleUtilities/Network (~> 7.8)
    - "GoogleUtilities/NSData+zlib (~> 7.8)"
    - nanopb (< 2.30910.0, >= 2.30908.0)
  - FirebaseAnalytics/AdIdSupport (10.3.0):
    - FirebaseCore (~> 10.0)
    - FirebaseInstallations (~> 10.0)
    - GoogleAppMeasurement (= 10.3.0)
    - GoogleUtilities/AppDelegateSwizzler (~> 7.8)
    - GoogleUtilities/MethodSwizzler (~> 7.8)
    - GoogleUtilities/Network (~> 7.8)
    - "GoogleUtilities/NSData+zlib (~> 7.8)"
    - nanopb (< 2.30910.0, >= 2.30908.0)
  - FirebaseCore (10.3.0):
    - FirebaseCoreInternal (~> 10.0)
    - GoogleUtilities/Environment (~> 7.8)
    - GoogleUtilities/Logger (~> 7.8)
  - FirebaseCoreInternal (10.3.0):
    - "GoogleUtilities/NSData+zlib (~> 7.8)"
  - FirebaseCrashlytics (10.3.0):
    - FirebaseCore (~> 10.0)
    - FirebaseInstallations (~> 10.0)
    - GoogleDataTransport (~> 9.2)
    - GoogleUtilities/Environment (~> 7.8)
    - nanopb (< 2.30910.0, >= 2.30908.0)
    - PromisesObjC (~> 2.1)
  - FirebaseInstallations (10.3.0):
    - FirebaseCore (~> 10.0)
    - GoogleUtilities/Environment (~> 7.8)
    - GoogleUtilities/UserDefaults (~> 7.8)
    - PromisesObjC (~> 2.1)
  - FlutterMacOS (1.0.0)
  - GoogleAppMeasurement (10.3.0):
    - GoogleAppMeasurement/AdIdSupport (= 10.3.0)
    - GoogleUtilities/AppDelegateSwizzler (~> 7.8)
    - GoogleUtilities/MethodSwizzler (~> 7.8)
    - GoogleUtilities/Network (~> 7.8)
    - "GoogleUtilities/NSData+zlib (~> 7.8)"
    - nanopb (< 2.30910.0, >= 2.30908.0)
  - GoogleAppMeasurement/AdIdSupport (10.3.0):
    - GoogleAppMeasurement/WithoutAdIdSupport (= 10.3.0)
    - GoogleUtilities/AppDelegateSwizzler (~> 7.8)
    - GoogleUtilities/MethodSwizzler (~> 7.8)
    - GoogleUtilities/Network (~> 7.8)
    - "GoogleUtilities/NSData+zlib (~> 7.8)"
    - nanopb (< 2.30910.0, >= 2.30908.0)
  - GoogleAppMeasurement/WithoutAdIdSupport (10.3.0):
    - GoogleUtilities/AppDelegateSwizzler (~> 7.8)
    - GoogleUtilities/MethodSwizzler (~> 7.8)
    - GoogleUtilities/Network (~> 7.8)
    - "GoogleUtilities/NSData+zlib (~> 7.8)"
    - nanopb (< 2.30910.0, >= 2.30908.0)
  - GoogleDataTransport (9.2.0):
    - GoogleUtilities/Environment (~> 7.7)
    - nanopb (< 2.30910.0, >= 2.30908.0)
    - PromisesObjC (< 3.0, >= 1.2)
  - GoogleUtilities/AppDelegateSwizzler (7.10.0):
    - GoogleUtilities/Environment
    - GoogleUtilities/Logger
    - GoogleUtilities/Network
  - GoogleUtilities/Environment (7.10.0):
    - PromisesObjC (< 3.0, >= 1.2)
  - GoogleUtilities/Logger (7.10.0):
    - GoogleUtilities/Environment
  - GoogleUtilities/MethodSwizzler (7.10.0):
    - GoogleUtilities/Logger
  - GoogleUtilities/Network (7.10.0):
    - GoogleUtilities/Logger
    - "GoogleUtilities/NSData+zlib"
    - GoogleUtilities/Reachability
  - "GoogleUtilities/NSData+zlib (7.10.0)"
  - GoogleUtilities/Reachability (7.10.0):
    - GoogleUtilities/Logger
  - GoogleUtilities/UserDefaults (7.10.0):
    - GoogleUtilities/Logger
  - macos_window_utils (1.0.0):
    - FlutterMacOS
  - nanopb (2.30909.0):
    - nanopb/decode (= 2.30909.0)
    - nanopb/encode (= 2.30909.0)
  - nanopb/decode (2.30909.0)
  - nanopb/encode (2.30909.0)
  - path_provider_foundation (0.0.1):
    - Flutter
    - FlutterMacOS
  - PromisesObjC (2.1.1)
  - system_theme (0.0.1):
    - FlutterMacOS

DEPENDENCIES:
  - desktop_window (from `Flutter/ephemeral/.symlinks/plugins/desktop_window/macos`)
  - firebase_analytics (from `Flutter/ephemeral/.symlinks/plugins/firebase_analytics/macos`)
  - firebase_core (from `Flutter/ephemeral/.symlinks/plugins/firebase_core/macos`)
  - firebase_crashlytics (from `Flutter/ephemeral/.symlinks/plugins/firebase_crashlytics/macos`)
  - FlutterMacOS (from `Flutter/ephemeral`)
  - macos_window_utils (from `Flutter/ephemeral/.symlinks/plugins/macos_window_utils/macos`)
  - path_provider_foundation (from `Flutter/ephemeral/.symlinks/plugins/path_provider_foundation/macos`)
  - system_theme (from `Flutter/ephemeral/.symlinks/plugins/system_theme/macos`)

SPEC REPOS:
  trunk:
    - Firebase
    - FirebaseAnalytics
    - FirebaseCore
    - FirebaseCoreInternal
    - FirebaseCrashlytics
    - FirebaseInstallations
    - GoogleAppMeasurement
    - GoogleDataTransport
    - GoogleUtilities
    - nanopb
    - PromisesObjC

EXTERNAL SOURCES:
  desktop_window:
    :path: Flutter/ephemeral/.symlinks/plugins/desktop_window/macos
  firebase_analytics:
    :path: Flutter/ephemeral/.symlinks/plugins/firebase_analytics/macos
  firebase_core:
    :path: Flutter/ephemeral/.symlinks/plugins/firebase_core/macos
  firebase_crashlytics:
    :path: Flutter/ephemeral/.symlinks/plugins/firebase_crashlytics/macos
  FlutterMacOS:
    :path: Flutter/ephemeral
  macos_window_utils:
    :path: Flutter/ephemeral/.symlinks/plugins/macos_window_utils/macos
  path_provider_foundation:
    :path: Flutter/ephemeral/.symlinks/plugins/path_provider_foundation/macos
  system_theme:
    :path: Flutter/ephemeral/.symlinks/plugins/system_theme/macos

SPEC CHECKSUMS:
  desktop_window: fb7c4f12c1129f947ac482296b6f14059d57a3c3
  Firebase: f92fc551ead69c94168d36c2b26188263860acd9
  firebase_analytics: fa88b8376642e5acc2ab2e5037909566a781d4cb
  firebase_core: c6858db717f7c37bc48d5647c383008459591e57
  firebase_crashlytics: d42d326576e01811a3a12c7e63e18730f9c76675
  FirebaseAnalytics: 036232b6a1e2918e5f67572417be1173576245f3
  FirebaseCore: 988754646ab3bd4bdcb740f1bfe26b9f6c0d5f2a
  FirebaseCoreInternal: 29b76f784d607df8b2a1259d73c3f04f1210137b
  FirebaseCrashlytics: f20d956f8229010b645e534693c39e0b7843c268
  FirebaseInstallations: e2f26126089dcf41e215f7b8925af8d953c7d602
  FlutterMacOS: 8f6f14fa908a6fb3fba0cd85dbd81ec4b251fb24
  GoogleAppMeasurement: c7d6fff39bf2d829587d74088d582e32d75133c3
  GoogleDataTransport: 1c8145da7117bd68bbbed00cf304edb6a24de00f
  GoogleUtilities: bad72cb363809015b1f7f19beb1f1cd23c589f95
  macos_window_utils: 933f91f64805e2eb91a5bd057cf97cd097276663
  nanopb: b552cce312b6c8484180ef47159bc0f65a1f0431
  path_provider_foundation: 37748e03f12783f9de2cb2c4eadfaa25fe6d4852
  PromisesObjC: ab77feca74fa2823e7af4249b8326368e61014cb
  system_theme: c7b9f6659a5caa26c9bc2284da096781e9a6fcbc

PODFILE CHECKSUM: ff0a9a3ce75ee73f200ca7e2f47745698c917ef9

COCOAPODS: 1.11.3
